// !$*UTF8*$!
{
	archiveVersion = 1;
	classes = {
	};
	objectVersion = 46;
	objects = {

/* Begin PBXBuildFile section */
		2502CF46219E9BB600A8A81D /* VideoToolbox.framework in Frameworks */ = {isa = PBXBuildFile; fileRef = 2502CF45219E9BB600A8A81D /* VideoToolbox.framework */; };
		2502CF48219E9C6200A8A81D /* CoreMedia.framework in Frameworks */ = {isa = PBXBuildFile; fileRef = 2502CF47219E9C6200A8A81D /* CoreMedia.framework */; };
		2502CFC0219EC63600A8A81D /* AVFoundation.framework in Frameworks */ = {isa = PBXBuildFile; fileRef = 2502CFBF219EC63600A8A81D /* AVFoundation.framework */; };
		259C8150219E780F00277D2C /* UIKit.framework in Frameworks */ = {isa = PBXBuildFile; fileRef = 259C814F219E780F00277D2C /* UIKit.framework */; };
		259C8152219E782A00277D2C /* Foundation.framework in Frameworks */ = {isa = PBXBuildFile; fileRef = 259C8151219E782900277D2C /* Foundation.framework */; };
		259C8154219E783100277D2C /* CoreGraphics.framework in Frameworks */ = {isa = PBXBuildFile; fileRef = 259C8153219E783100277D2C /* CoreGraphics.framework */; };
		259C8156219E783900277D2C /* MediaPlayer.framework in Frameworks */ = {isa = PBXBuildFile; fileRef = 259C8155219E783900277D2C /* MediaPlayer.framework */; };
		259C8158219E784A00277D2C /* CoreAudio.framework in Frameworks */ = {isa = PBXBuildFile; fileRef = 259C8157219E784900277D2C /* CoreAudio.framework */; };
		259C815A219E785100277D2C /* AudioToolbox.framework in Frameworks */ = {isa = PBXBuildFile; fileRef = 259C8159219E785100277D2C /* AudioToolbox.framework */; };
		259C815C219E785F00277D2C /* Accelerate.framework in Frameworks */ = {isa = PBXBuildFile; fileRef = 259C815B219E785F00277D2C /* Accelerate.framework */; };
		259C815E219E786D00277D2C /* QuartzCore.framework in Frameworks */ = {isa = PBXBuildFile; fileRef = 259C815D219E786D00277D2C /* QuartzCore.framework */; };
		259C8160219E787700277D2C /* OpenGLES.framework in Frameworks */ = {isa = PBXBuildFile; fileRef = 259C815F219E787700277D2C /* OpenGLES.framework */; };
		259C8162219E788A00277D2C /* libiconv.tbd in Frameworks */ = {isa = PBXBuildFile; fileRef = 259C8161219E788A00277D2C /* libiconv.tbd */; };
		259C8164219E789900277D2C /* libz.tbd in Frameworks */ = {isa = PBXBuildFile; fileRef = 259C8163219E789900277D2C /* libz.tbd */; };
		259C8166219E78A100277D2C /* libbz2.tbd in Frameworks */ = {isa = PBXBuildFile; fileRef = 259C8165219E78A000277D2C /* libbz2.tbd */; };
		87E7940916390F6D000A0848 /* main.m in Sources */ = {isa = PBXBuildFile; fileRef = 87E7940816390F6D000A0848 /* main.m */; };
		87E7940F16390F6D000A0848 /* Default.png in Resources */ = {isa = PBXBuildFile; fileRef = 87E7940E16390F6D000A0848 /* Default.png */; };
		87E7941116390F6D000A0848 /* Default@2x.png in Resources */ = {isa = PBXBuildFile; fileRef = 87E7941016390F6D000A0848 /* Default@2x.png */; };
		87E7941316390F6D000A0848 /* Default-568h@2x.png in Resources */ = {isa = PBXBuildFile; fileRef = 87E7941216390F6D000A0848 /* Default-568h@2x.png */; };
		87E794261639107F000A0848 /* KxAudioManager.m in Sources */ = {isa = PBXBuildFile; fileRef = 87E7941E1639107F000A0848 /* KxAudioManager.m */; };
		87E794271639107F000A0848 /* kxmovie.bundle in Resources */ = {isa = PBXBuildFile; fileRef = 87E7941F1639107F000A0848 /* kxmovie.bundle */; };
		87E794281639107F000A0848 /* KxMovieDecoder.m in Sources */ = {isa = PBXBuildFile; fileRef = 87E794211639107F000A0848 /* KxMovieDecoder.m */; };
		87E794291639107F000A0848 /* KxMovieGLView.m in Sources */ = {isa = PBXBuildFile; fileRef = 87E794231639107F000A0848 /* KxMovieGLView.m */; };
		87E7942A1639107F000A0848 /* KxMovieViewController.m in Sources */ = {isa = PBXBuildFile; fileRef = 87E794251639107F000A0848 /* KxMovieViewController.m */; };
		87E7942F1639108E000A0848 /* AppDelegate.m in Sources */ = {isa = PBXBuildFile; fileRef = 87E7942C1639108E000A0848 /* AppDelegate.m */; };
		87E794301639108E000A0848 /* MainViewController.m in Sources */ = {isa = PBXBuildFile; fileRef = 87E7942E1639108E000A0848 /* MainViewController.m */; };
		8E3C48CBF370C90BE05FF6BB /* libPods-KxMovieExample.a in Frameworks */ = {isa = PBXBuildFile; fileRef = CCADD6393F9261DC07242137 /* libPods-KxMovieExample.a */; };
/* End PBXBuildFile section */

/* Begin PBXFileReference section */
		2502CF45219E9BB600A8A81D /* VideoToolbox.framework */ = {isa = PBXFileReference; lastKnownFileType = wrapper.framework; name = VideoToolbox.framework; path = Platforms/iPhoneOS.platform/Developer/SDKs/iPhoneOS12.1.sdk/System/Library/Frameworks/VideoToolbox.framework; sourceTree = DEVELOPER_DIR; };
		2502CF47219E9C6200A8A81D /* CoreMedia.framework */ = {isa = PBXFileReference; lastKnownFileType = wrapper.framework; name = CoreMedia.framework; path = Platforms/iPhoneOS.platform/Developer/SDKs/iPhoneOS12.1.sdk/System/Library/Frameworks/CoreMedia.framework; sourceTree = DEVELOPER_DIR; };
		2502CFBF219EC63600A8A81D /* AVFoundation.framework */ = {isa = PBXFileReference; lastKnownFileType = wrapper.framework; name = AVFoundation.framework; path = Platforms/iPhoneOS.platform/Developer/SDKs/iPhoneOS12.1.sdk/System/Library/Frameworks/AVFoundation.framework; sourceTree = DEVELOPER_DIR; };
		259C814F219E780F00277D2C /* UIKit.framework */ = {isa = PBXFileReference; lastKnownFileType = wrapper.framework; name = UIKit.framework; path = Platforms/iPhoneOS.platform/Developer/SDKs/iPhoneOS12.1.sdk/System/Library/Frameworks/UIKit.framework; sourceTree = DEVELOPER_DIR; };
		259C8151219E782900277D2C /* Foundation.framework */ = {isa = PBXFileReference; lastKnownFileType = wrapper.framework; name = Foundation.framework; path = Platforms/iPhoneOS.platform/Developer/SDKs/iPhoneOS12.1.sdk/System/Library/Frameworks/Foundation.framework; sourceTree = DEVELOPER_DIR; };
		259C8153219E783100277D2C /* CoreGraphics.framework */ = {isa = PBXFileReference; lastKnownFileType = wrapper.framework; name = CoreGraphics.framework; path = Platforms/iPhoneOS.platform/Developer/SDKs/iPhoneOS12.1.sdk/System/Library/Frameworks/CoreGraphics.framework; sourceTree = DEVELOPER_DIR; };
		259C8155219E783900277D2C /* MediaPlayer.framework */ = {isa = PBXFileReference; lastKnownFileType = wrapper.framework; name = MediaPlayer.framework; path = Platforms/iPhoneOS.platform/Developer/SDKs/iPhoneOS12.1.sdk/System/Library/Frameworks/MediaPlayer.framework; sourceTree = DEVELOPER_DIR; };
		259C8157219E784900277D2C /* CoreAudio.framework */ = {isa = PBXFileReference; lastKnownFileType = wrapper.framework; name = CoreAudio.framework; path = Platforms/iPhoneOS.platform/Developer/SDKs/iPhoneOS12.1.sdk/System/Library/Frameworks/CoreAudio.framework; sourceTree = DEVELOPER_DIR; };
		259C8159219E785100277D2C /* AudioToolbox.framework */ = {isa = PBXFileReference; lastKnownFileType = wrapper.framework; name = AudioToolbox.framework; path = Platforms/iPhoneOS.platform/Developer/SDKs/iPhoneOS12.1.sdk/System/Library/Frameworks/AudioToolbox.framework; sourceTree = DEVELOPER_DIR; };
		259C815B219E785F00277D2C /* Accelerate.framework */ = {isa = PBXFileReference; lastKnownFileType = wrapper.framework; name = Accelerate.framework; path = Platforms/iPhoneOS.platform/Developer/SDKs/iPhoneOS12.1.sdk/System/Library/Frameworks/Accelerate.framework; sourceTree = DEVELOPER_DIR; };
		259C815D219E786D00277D2C /* QuartzCore.framework */ = {isa = PBXFileReference; lastKnownFileType = wrapper.framework; name = QuartzCore.framework; path = Platforms/iPhoneOS.platform/Developer/SDKs/iPhoneOS12.1.sdk/System/Library/Frameworks/QuartzCore.framework; sourceTree = DEVELOPER_DIR; };
		259C815F219E787700277D2C /* OpenGLES.framework */ = {isa = PBXFileReference; lastKnownFileType = wrapper.framework; name = OpenGLES.framework; path = Platforms/iPhoneOS.platform/Developer/SDKs/iPhoneOS12.1.sdk/System/Library/Frameworks/OpenGLES.framework; sourceTree = DEVELOPER_DIR; };
		259C8161219E788A00277D2C /* libiconv.tbd */ = {isa = PBXFileReference; lastKnownFileType = "sourcecode.text-based-dylib-definition"; name = libiconv.tbd; path = Platforms/iPhoneOS.platform/Developer/SDKs/iPhoneOS12.1.sdk/usr/lib/libiconv.tbd; sourceTree = DEVELOPER_DIR; };
		259C8163219E789900277D2C /* libz.tbd */ = {isa = PBXFileReference; lastKnownFileType = "sourcecode.text-based-dylib-definition"; name = libz.tbd; path = Platforms/iPhoneOS.platform/Developer/SDKs/iPhoneOS12.1.sdk/usr/lib/libz.tbd; sourceTree = DEVELOPER_DIR; };
		259C8165219E78A000277D2C /* libbz2.tbd */ = {isa = PBXFileReference; lastKnownFileType = "sourcecode.text-based-dylib-definition"; name = libbz2.tbd; path = Platforms/iPhoneOS.platform/Developer/SDKs/iPhoneOS12.1.sdk/usr/lib/libbz2.tbd; sourceTree = DEVELOPER_DIR; };
		4E6AB9BC191288370010CAA1 /* kxmovie-Prefix.pch */ = {isa = PBXFileReference; lastKnownFileType = sourcecode.c.h; path = "kxmovie-Prefix.pch"; sourceTree = "<group>"; };
		4E6AB9BD19128FDA0010CAA1 /* KxLogger.h */ = {isa = PBXFileReference; lastKnownFileType = sourcecode.c.h; path = KxLogger.h; sourceTree = "<group>"; };
		5158550F8BACE51F32BCBE12 /* Pods-KxMovieExample.release.xcconfig */ = {isa = PBXFileReference; includeInIndex = 1; lastKnownFileType = text.xcconfig; name = "Pods-KxMovieExample.release.xcconfig"; path = "Pods/Target Support Files/Pods-KxMovieExample/Pods-KxMovieExample.release.xcconfig"; sourceTree = "<group>"; };
		87E793F816390F6D000A0848 /* KxMovieExample.app */ = {isa = PBXFileReference; explicitFileType = wrapper.application; includeInIndex = 0; path = KxMovieExample.app; sourceTree = BUILT_PRODUCTS_DIR; };
		87E7940416390F6D000A0848 /* KxMovieExample-Info.plist */ = {isa = PBXFileReference; lastKnownFileType = text.plist.xml; path = "KxMovieExample-Info.plist"; sourceTree = "<group>"; };
		87E7940816390F6D000A0848 /* main.m */ = {isa = PBXFileReference; lastKnownFileType = sourcecode.c.objc; path = main.m; sourceTree = "<group>"; };
		87E7940A16390F6D000A0848 /* KxMovieExample-Prefix.pch */ = {isa = PBXFileReference; lastKnownFileType = sourcecode.c.h; path = "KxMovieExample-Prefix.pch"; sourceTree = "<group>"; };
		87E7940E16390F6D000A0848 /* Default.png */ = {isa = PBXFileReference; lastKnownFileType = image.png; path = Default.png; sourceTree = "<group>"; };
		87E7941016390F6D000A0848 /* Default@2x.png */ = {isa = PBXFileReference; lastKnownFileType = image.png; path = "Default@2x.png"; sourceTree = "<group>"; };
		87E7941216390F6D000A0848 /* Default-568h@2x.png */ = {isa = PBXFileReference; lastKnownFileType = image.png; path = "Default-568h@2x.png"; sourceTree = "<group>"; };
		87E7941E1639107F000A0848 /* KxAudioManager.m */ = {isa = PBXFileReference; fileEncoding = 4; lastKnownFileType = sourcecode.c.objc; path = KxAudioManager.m; sourceTree = "<group>"; };
		87E7941F1639107F000A0848 /* kxmovie.bundle */ = {isa = PBXFileReference; lastKnownFileType = "wrapper.plug-in"; path = kxmovie.bundle; sourceTree = "<group>"; };
		87E794201639107F000A0848 /* KxMovieDecoder.h */ = {isa = PBXFileReference; fileEncoding = 4; lastKnownFileType = sourcecode.c.h; path = KxMovieDecoder.h; sourceTree = "<group>"; };
		87E794211639107F000A0848 /* KxMovieDecoder.m */ = {isa = PBXFileReference; fileEncoding = 4; lastKnownFileType = sourcecode.c.objc; path = KxMovieDecoder.m; sourceTree = "<group>"; };
		87E794221639107F000A0848 /* KxMovieGLView.h */ = {isa = PBXFileReference; fileEncoding = 4; lastKnownFileType = sourcecode.c.h; path = KxMovieGLView.h; sourceTree = "<group>"; };
		87E794231639107F000A0848 /* KxMovieGLView.m */ = {isa = PBXFileReference; fileEncoding = 4; lastKnownFileType = sourcecode.c.objc; path = KxMovieGLView.m; sourceTree = "<group>"; };
		87E794241639107F000A0848 /* KxMovieViewController.h */ = {isa = PBXFileReference; fileEncoding = 4; lastKnownFileType = sourcecode.c.h; path = KxMovieViewController.h; sourceTree = "<group>"; };
		87E794251639107F000A0848 /* KxMovieViewController.m */ = {isa = PBXFileReference; fileEncoding = 4; lastKnownFileType = sourcecode.c.objc; path = KxMovieViewController.m; sourceTree = "<group>"; };
		87E7942B1639108E000A0848 /* AppDelegate.h */ = {isa = PBXFileReference; fileEncoding = 4; lastKnownFileType = sourcecode.c.h; path = AppDelegate.h; sourceTree = "<group>"; };
		87E7942C1639108E000A0848 /* AppDelegate.m */ = {isa = PBXFileReference; fileEncoding = 4; lastKnownFileType = sourcecode.c.objc; path = AppDelegate.m; sourceTree = "<group>"; };
		87E7942D1639108E000A0848 /* MainViewController.h */ = {isa = PBXFileReference; fileEncoding = 4; lastKnownFileType = sourcecode.c.h; path = MainViewController.h; sourceTree = "<group>"; };
		87E7942E1639108E000A0848 /* MainViewController.m */ = {isa = PBXFileReference; fileEncoding = 4; lastKnownFileType = sourcecode.c.objc; path = MainViewController.m; sourceTree = "<group>"; };
		87E7946116394577000A0848 /* KxAudioManager.h */ = {isa = PBXFileReference; fileEncoding = 4; lastKnownFileType = sourcecode.c.h; path = KxAudioManager.h; sourceTree = "<group>"; };
		B93B401F59EE572875FEBFB6 /* Pods-KxMovieExample.debug.xcconfig */ = {isa = PBXFileReference; includeInIndex = 1; lastKnownFileType = text.xcconfig; name = "Pods-KxMovieExample.debug.xcconfig"; path = "Pods/Target Support Files/Pods-KxMovieExample/Pods-KxMovieExample.debug.xcconfig"; sourceTree = "<group>"; };
		CCADD6393F9261DC07242137 /* libPods-KxMovieExample.a */ = {isa = PBXFileReference; explicitFileType = archive.ar; includeInIndex = 0; path = "libPods-KxMovieExample.a"; sourceTree = BUILT_PRODUCTS_DIR; };
		EF46D464C12BE43EBC1E6938 /* libPods-kxmovie.a */ = {isa = PBXFileReference; explicitFileType = archive.ar; includeInIndex = 0; path = "libPods-kxmovie.a"; sourceTree = BUILT_PRODUCTS_DIR; };
/* End PBXFileReference section */

/* Begin PBXFrameworksBuildPhase section */
		87E793F516390F6D000A0848 /* Frameworks */ = {
			isa = PBXFrameworksBuildPhase;
			buildActionMask = 2147483647;
			files = (
				2502CFC0219EC63600A8A81D /* AVFoundation.framework in Frameworks */,
				2502CF48219E9C6200A8A81D /* CoreMedia.framework in Frameworks */,
				2502CF46219E9BB600A8A81D /* VideoToolbox.framework in Frameworks */,
				259C8166219E78A100277D2C /* libbz2.tbd in Frameworks */,
				259C8164219E789900277D2C /* libz.tbd in Frameworks */,
				259C8162219E788A00277D2C /* libiconv.tbd in Frameworks */,
				259C8160219E787700277D2C /* OpenGLES.framework in Frameworks */,
				259C815E219E786D00277D2C /* QuartzCore.framework in Frameworks */,
				259C815C219E785F00277D2C /* Accelerate.framework in Frameworks */,
				259C815A219E785100277D2C /* AudioToolbox.framework in Frameworks */,
				259C8158219E784A00277D2C /* CoreAudio.framework in Frameworks */,
				259C8156219E783900277D2C /* MediaPlayer.framework in Frameworks */,
				259C8154219E783100277D2C /* CoreGraphics.framework in Frameworks */,
				259C8152219E782A00277D2C /* Foundation.framework in Frameworks */,
				259C8150219E780F00277D2C /* UIKit.framework in Frameworks */,
				8E3C48CBF370C90BE05FF6BB /* libPods-KxMovieExample.a in Frameworks */,
			);
			runOnlyForDeploymentPostprocessing = 0;
		};
/* End PBXFrameworksBuildPhase section */

/* Begin PBXGroup section */
		36EB2949D1EC8DD0045F6E22 /* Pods */ = {
			isa = PBXGroup;
			children = (
				B93B401F59EE572875FEBFB6 /* Pods-KxMovieExample.debug.xcconfig */,
				5158550F8BACE51F32BCBE12 /* Pods-KxMovieExample.release.xcconfig */,
			);
			name = Pods;
			sourceTree = "<group>";
		};
		87E793EB16390F10000A0848 = {
			isa = PBXGroup;
			children = (
				87E7940216390F6D000A0848 /* KxMovieExample */,
				87FD6177163A75440090956E /* kxmovie */,
				87E793FB16390F6D000A0848 /* Frameworks */,
				87E793F916390F6D000A0848 /* Products */,
				36EB2949D1EC8DD0045F6E22 /* Pods */,
			);
			sourceTree = "<group>";
		};
		87E793F916390F6D000A0848 /* Products */ = {
			isa = PBXGroup;
			children = (
				87E793F816390F6D000A0848 /* KxMovieExample.app */,
			);
			name = Products;
			sourceTree = "<group>";
		};
		87E793FB16390F6D000A0848 /* Frameworks */ = {
			isa = PBXGroup;
			children = (
				2502CFBF219EC63600A8A81D /* AVFoundation.framework */,
				2502CF47219E9C6200A8A81D /* CoreMedia.framework */,
				2502CF45219E9BB600A8A81D /* VideoToolbox.framework */,
				259C8165219E78A000277D2C /* libbz2.tbd */,
				259C8163219E789900277D2C /* libz.tbd */,
				259C8161219E788A00277D2C /* libiconv.tbd */,
				259C815F219E787700277D2C /* OpenGLES.framework */,
				259C815D219E786D00277D2C /* QuartzCore.framework */,
				259C815B219E785F00277D2C /* Accelerate.framework */,
				259C8159219E785100277D2C /* AudioToolbox.framework */,
				259C8157219E784900277D2C /* CoreAudio.framework */,
				259C8155219E783900277D2C /* MediaPlayer.framework */,
				259C8153219E783100277D2C /* CoreGraphics.framework */,
				259C8151219E782900277D2C /* Foundation.framework */,
				259C814F219E780F00277D2C /* UIKit.framework */,
				EF46D464C12BE43EBC1E6938 /* libPods-kxmovie.a */,
				CCADD6393F9261DC07242137 /* libPods-KxMovieExample.a */,
			);
			name = Frameworks;
			sourceTree = "<group>";
		};
		87E7940216390F6D000A0848 /* KxMovieExample */ = {
			isa = PBXGroup;
			children = (
				87E7940A16390F6D000A0848 /* KxMovieExample-Prefix.pch */,
				87E7942B1639108E000A0848 /* AppDelegate.h */,
				87E7942C1639108E000A0848 /* AppDelegate.m */,
				87E7942D1639108E000A0848 /* MainViewController.h */,
				87E7942E1639108E000A0848 /* MainViewController.m */,
				87E7940316390F6D000A0848 /* Supporting Files */,
			);
			path = KxMovieExample;
			sourceTree = "<group>";
		};
		87E7940316390F6D000A0848 /* Supporting Files */ = {
			isa = PBXGroup;
			children = (
				87E7940416390F6D000A0848 /* KxMovieExample-Info.plist */,
				87E7940816390F6D000A0848 /* main.m */,
				87E7940E16390F6D000A0848 /* Default.png */,
				87E7941016390F6D000A0848 /* Default@2x.png */,
				87E7941216390F6D000A0848 /* Default-568h@2x.png */,
			);
			name = "Supporting Files";
			sourceTree = "<group>";
		};
		87FD6177163A75440090956E /* kxmovie */ = {
			isa = PBXGroup;
			children = (
				87E7941F1639107F000A0848 /* kxmovie.bundle */,
				87E7946116394577000A0848 /* KxAudioManager.h */,
				87E7941E1639107F000A0848 /* KxAudioManager.m */,
				87E794201639107F000A0848 /* KxMovieDecoder.h */,
				87E794211639107F000A0848 /* KxMovieDecoder.m */,
				87E794221639107F000A0848 /* KxMovieGLView.h */,
				87E794231639107F000A0848 /* KxMovieGLView.m */,
				87E794241639107F000A0848 /* KxMovieViewController.h */,
				87E794251639107F000A0848 /* KxMovieViewController.m */,
				4E6AB9BD19128FDA0010CAA1 /* KxLogger.h */,
				4E6AB9BC191288370010CAA1 /* kxmovie-Prefix.pch */,
			);
			path = kxmovie;
			sourceTree = "<group>";
		};
/* End PBXGroup section */

/* Begin PBXNativeTarget section */
		87E793F716390F6D000A0848 /* KxMovieExample */ = {
			isa = PBXNativeTarget;
			buildConfigurationList = 87E7941A16390F6D000A0848 /* Build configuration list for PBXNativeTarget "KxMovieExample" */;
			buildPhases = (
				FFEC1F71904192E75A983C2C /* [CP] Check Pods Manifest.lock */,
				87E793F416390F6D000A0848 /* Sources */,
				87E793F516390F6D000A0848 /* Frameworks */,
				87E793F616390F6D000A0848 /* Resources */,
			);
			buildRules = (
			);
			dependencies = (
			);
			name = KxMovieExample;
			productName = KxMovieExample;
			productReference = 87E793F816390F6D000A0848 /* KxMovieExample.app */;
			productType = "com.apple.product-type.application";
		};
/* End PBXNativeTarget section */

/* Begin PBXProject section */
		87E793ED16390F10000A0848 /* Project object */ = {
			isa = PBXProject;
			attributes = {
				LastUpgradeCheck = 0450;
				TargetAttributes = {
					87E793F716390F6D000A0848 = {
						DevelopmentTeam = 6FNUHS4H7D;
					};
				};
			};
			buildConfigurationList = 87E793F016390F10000A0848 /* Build configuration list for PBXProject "kxmovie" */;
			compatibilityVersion = "Xcode 3.2";
			developmentRegion = English;
			hasScannedForEncodings = 0;
			knownRegions = (
				en,
			);
			mainGroup = 87E793EB16390F10000A0848;
			productRefGroup = 87E793F916390F6D000A0848 /* Products */;
			projectDirPath = "";
			projectRoot = "";
			targets = (
				87E793F716390F6D000A0848 /* KxMovieExample */,
			);
		};
/* End PBXProject section */

/* Begin PBXResourcesBuildPhase section */
		87E793F616390F6D000A0848 /* Resources */ = {
			isa = PBXResourcesBuildPhase;
			buildActionMask = 2147483647;
			files = (
				87E7940F16390F6D000A0848 /* Default.png in Resources */,
				87E7941116390F6D000A0848 /* Default@2x.png in Resources */,
				87E7941316390F6D000A0848 /* Default-568h@2x.png in Resources */,
				87E794271639107F000A0848 /* kxmovie.bundle in Resources */,
			);
			runOnlyForDeploymentPostprocessing = 0;
		};
/* End PBXResourcesBuildPhase section */

/* Begin PBXShellScriptBuildPhase section */
		FFEC1F71904192E75A983C2C /* [CP] Check Pods Manifest.lock */ = {
			isa = PBXShellScriptBuildPhase;
			buildActionMask = 2147483647;
			files = (
			);
			inputPaths = (
				"${PODS_PODFILE_DIR_PATH}/Podfile.lock",
				"${PODS_ROOT}/Manifest.lock",
			);
			name = "[CP] Check Pods Manifest.lock";
			outputPaths = (
				"$(DERIVED_FILE_DIR)/Pods-KxMovieExample-checkManifestLockResult.txt",
			);
			runOnlyForDeploymentPostprocessing = 0;
			shellPath = /bin/sh;
			shellScript = "diff \"${PODS_PODFILE_DIR_PATH}/Podfile.lock\" \"${PODS_ROOT}/Manifest.lock\" > /dev/null\nif [ $? != 0 ] ; then\n    # print error to STDERR\n    echo \"error: The sandbox is not in sync with the Podfile.lock. Run 'pod install' or update your CocoaPods installation.\" >&2\n    exit 1\nfi\n# This output is used by Xcode 'outputs' to avoid re-running this script phase.\necho \"SUCCESS\" > \"${SCRIPT_OUTPUT_FILE_0}\"\n";
			showEnvVarsInLog = 0;
		};
/* End PBXShellScriptBuildPhase section */

/* Begin PBXSourcesBuildPhase section */
		87E793F416390F6D000A0848 /* Sources */ = {
			isa = PBXSourcesBuildPhase;
			buildActionMask = 2147483647;
			files = (
				87E7940916390F6D000A0848 /* main.m in Sources */,
				87E794261639107F000A0848 /* KxAudioManager.m in Sources */,
				87E794281639107F000A0848 /* KxMovieDecoder.m in Sources */,
				87E794291639107F000A0848 /* KxMovieGLView.m in Sources */,
				87E7942A1639107F000A0848 /* KxMovieViewController.m in Sources */,
				87E7942F1639108E000A0848 /* AppDelegate.m in Sources */,
				87E794301639108E000A0848 /* MainViewController.m in Sources */,
			);
			runOnlyForDeploymentPostprocessing = 0;
		};
/* End PBXSourcesBuildPhase section */

/* Begin XCBuildConfiguration section */
		87E793F216390F10000A0848 /* Debug */ = {
			isa = XCBuildConfiguration;
			buildSettings = {
				ONLY_ACTIVE_ARCH = YES;
			};
			name = Debug;
		};
		87E793F316390F10000A0848 /* Release */ = {
			isa = XCBuildConfiguration;
			buildSettings = {
				OTHER_CFLAGS = (
					"-DNS_BLOCK_ASSERTIONS=1",
					"$(inherited)",
				);
			};
			name = Release;
		};
		87E7941B16390F6D000A0848 /* Debug */ = {
			isa = XCBuildConfiguration;
			baseConfigurationReference = B93B401F59EE572875FEBFB6 /* Pods-KxMovieExample.debug.xcconfig */;
			buildSettings = {
				ALWAYS_SEARCH_USER_PATHS = NO;
				CLANG_CXX_LANGUAGE_STANDARD = "gnu++0x";
				CLANG_CXX_LIBRARY = "libc++";
				CLANG_ENABLE_OBJC_ARC = YES;
				CLANG_WARN_EMPTY_BODY = YES;
				CLANG_WARN__DUPLICATE_METHOD_MATCH = YES;
				CODE_SIGN_IDENTITY = "iPhone Developer";
				"CODE_SIGN_IDENTITY[sdk=iphoneos*]" = "iPhone Developer";
				COPY_PHASE_STRIP = NO;
				DEVELOPMENT_TEAM = 6FNUHS4H7D;
				ENABLE_BITCODE = NO;
				FRAMEWORK_SEARCH_PATHS = (
					"$(inherited)",
					"\"$(SYSTEM_APPS_DIR)/Xcode.app/Contents/Developer/Library/Frameworks\"",
				);
				GCC_C_LANGUAGE_STANDARD = gnu99;
				GCC_DYNAMIC_NO_PIC = NO;
				GCC_OPTIMIZATION_LEVEL = 0;
				GCC_PRECOMPILE_PREFIX_HEADER = YES;
				GCC_PREFIX_HEADER = "KxMovieExample/KxMovieExample-Prefix.pch";
				GCC_PREPROCESSOR_DEFINITIONS = (
					"DEBUG=1",
					"$(inherited)",
				);
				GCC_SYMBOLS_PRIVATE_EXTERN = NO;
				GCC_WARN_ABOUT_RETURN_TYPE = YES;
				GCC_WARN_UNINITIALIZED_AUTOS = YES;
				GCC_WARN_UNUSED_VARIABLE = YES;
				HEADER_SEARCH_PATHS = (
					"$(inherited)",
					"\"${PODS_ROOT}/Headers/Public\"",
					"\"${PODS_ROOT}/Headers/Public/NSLogger\"",
				);
				INFOPLIST_FILE = "KxMovieExample/KxMovieExample-Info.plist";
				IPHONEOS_DEPLOYMENT_TARGET = 8.0;
				LIBRARY_SEARCH_PATHS = (
					"$(inherited)",
					"$(PROJECT_DIR)/libs/FFmpeg/lib",
				);
				ONLY_ACTIVE_ARCH = YES;
				PRODUCT_BUNDLE_IDENTIFIER = com.gym.kolyvan.KxMovieExample;
				PRODUCT_NAME = "$(TARGET_NAME)";
				PROVISIONING_PROFILE = "F7D87EB9-8C75-4EE9-AB3B-466913B9C8CB";
				PROVISIONING_PROFILE_SPECIFIER = RootDev;
				SDKROOT = iphoneos;
				TARGETED_DEVICE_FAMILY = "1,2";
				USER_HEADER_SEARCH_PATHS = ffmpeg;
				VALID_ARCHS = "arm64 arm64e";
				WRAPPER_EXTENSION = app;
			};
			name = Debug;
		};
		87E7941C16390F6D000A0848 /* Release */ = {
			isa = XCBuildConfiguration;
			baseConfigurationReference = 5158550F8BACE51F32BCBE12 /* Pods-KxMovieExample.release.xcconfig */;
			buildSettings = {
				ALWAYS_SEARCH_USER_PATHS = NO;
				CLANG_CXX_LANGUAGE_STANDARD = "gnu++0x";
				CLANG_CXX_LIBRARY = "libc++";
				CLANG_ENABLE_OBJC_ARC = YES;
				CLANG_WARN_EMPTY_BODY = YES;
				CLANG_WARN__DUPLICATE_METHOD_MATCH = YES;
				CODE_SIGN_IDENTITY = "iPhone Developer";
				"CODE_SIGN_IDENTITY[sdk=iphoneos*]" = "iPhone Developer";
				COPY_PHASE_STRIP = YES;
				DEVELOPMENT_TEAM = 6FNUHS4H7D;
				ENABLE_BITCODE = NO;
				FRAMEWORK_SEARCH_PATHS = (
					"$(inherited)",
					"\"$(SYSTEM_APPS_DIR)/Xcode.app/Contents/Developer/Library/Frameworks\"",
				);
				GCC_C_LANGUAGE_STANDARD = gnu99;
				GCC_PRECOMPILE_PREFIX_HEADER = YES;
				GCC_PREFIX_HEADER = "KxMovieExample/KxMovieExample-Prefix.pch";
				GCC_WARN_ABOUT_RETURN_TYPE = YES;
				GCC_WARN_UNINITIALIZED_AUTOS = YES;
				GCC_WARN_UNUSED_VARIABLE = YES;
				HEADER_SEARCH_PATHS = (
					"$(inherited)",
					"\"${PODS_ROOT}/Headers/Public\"",
					"\"${PODS_ROOT}/Headers/Public/NSLogger\"",
				);
				INFOPLIST_FILE = "KxMovieExample/KxMovieExample-Info.plist";
				IPHONEOS_DEPLOYMENT_TARGET = 8.0;
				LIBRARY_SEARCH_PATHS = "$(inherited)";
				PRODUCT_BUNDLE_IDENTIFIER = com.gym.kolyvan.KxMovieExample;
				PRODUCT_NAME = "$(TARGET_NAME)";
				PROVISIONING_PROFILE = "F7D87EB9-8C75-4EE9-AB3B-466913B9C8CB";
				PROVISIONING_PROFILE_SPECIFIER = RootDev;
				SDKROOT = iphoneos;
				TARGETED_DEVICE_FAMILY = "1,2";
				USER_HEADER_SEARCH_PATHS = ffmpeg;
				VALIDATE_PRODUCT = YES;
				VALID_ARCHS = "arm64 arm64e";
				WRAPPER_EXTENSION = app;
			};
			name = Release;
		};
/* End XCBuildConfiguration section */

/* Begin XCConfigurationList section */
		87E793F016390F10000A0848 /* Build configuration list for PBXProject "kxmovie" */ = {
			isa = XCConfigurationList;
			buildConfigurations = (
				87E793F216390F10000A0848 /* Debug */,
				87E793F316390F10000A0848 /* Release */,
			);
			defaultConfigurationIsVisible = 0;
			defaultConfigurationName = Release;
		};
		87E7941A16390F6D000A0848 /* Build configuration list for PBXNativeTarget "KxMovieExample" */ = {
			isa = XCConfigurationList;
			buildConfigurations = (
				87E7941B16390F6D000A0848 /* Debug */,
				87E7941C16390F6D000A0848 /* Release */,
			);
			defaultConfigurationIsVisible = 0;
			defaultConfigurationName = Release;
		};
/* End XCConfigurationList section */
	};
	rootObject = 87E793ED16390F10000A0848 /* Project object */;
}
