// !$*UTF8*$!
{
	archiveVersion = 1;
	classes = {
	};
	objectVersion = 46;
	objects = {

/* Begin PBXBuildFile section */
		80E0356B178AAB690002B503 /* UIKit.framework in Frameworks */ = {isa = PBXBuildFile; fileRef = 80E0356A178AAB690002B503 /* UIKit.framework */; };
		80E0356D178AAB7A0002B503 /* Foundation.framework in Frameworks */ = {isa = PBXBuildFile; fileRef = 80E0356C178AAB7A0002B503 /* Foundation.framework */; };
		80E0356F178AAB860002B503 /* CoreGraphics.framework in Frameworks */ = {isa = PBXBuildFile; fileRef = 80E0356E178AAB860002B503 /* CoreGraphics.framework */; };
		80E03571178AAB920002B503 /* MediaPlayer.framework in Frameworks */ = {isa = PBXBuildFile; fileRef = 80E03570178AAB920002B503 /* MediaPlayer.framework */; };
		80E03573178AAB9B0002B503 /* CoreAudio.framework in Frameworks */ = {isa = PBXBuildFile; fileRef = 80E03572178AAB9B0002B503 /* CoreAudio.framework */; };
		80E03575178AABA30002B503 /* AudioToolbox.framework in Frameworks */ = {isa = PBXBuildFile; fileRef = 80E03574178AABA30002B503 /* AudioToolbox.framework */; };
		80E03577178AABA90002B503 /* Accelerate.framework in Frameworks */ = {isa = PBXBuildFile; fileRef = 80E03576178AABA90002B503 /* Accelerate.framework */; };
		80E03579178AC3160002B503 /* QuartzCore.framework in Frameworks */ = {isa = PBXBuildFile; fileRef = 80E03578178AC3160002B503 /* QuartzCore.framework */; };
		80E0357B178AC3240002B503 /* OpenGLES.framework in Frameworks */ = {isa = PBXBuildFile; fileRef = 80E0357A178AC3240002B503 /* OpenGLES.framework */; };
		80E035FB178AC3F10002B503 /* libz.dylib in Frameworks */ = {isa = PBXBuildFile; fileRef = 80E035FA178AC3F10002B503 /* libz.dylib */; };
		8704657C16F6ECA000D4083E /* libiconv.dylib in Frameworks */ = {isa = PBXBuildFile; fileRef = 8704657A16F6EC9100D4083E /* libiconv.dylib */; };
		87E7940716390F6D000A0848 /* InfoPlist.strings in Resources */ = {isa = PBXBuildFile; fileRef = 87E7940516390F6D000A0848 /* InfoPlist.strings */; };
		87E7940916390F6D000A0848 /* main.m in Sources */ = {isa = PBXBuildFile; fileRef = 87E7940816390F6D000A0848 /* main.m */; };
		87E7940F16390F6D000A0848 /* Default.png in Resources */ = {isa = PBXBuildFile; fileRef = 87E7940E16390F6D000A0848 /* Default.png */; };
		87E7941116390F6D000A0848 /* Default@2x.png in Resources */ = {isa = PBXBuildFile; fileRef = 87E7941016390F6D000A0848 /* Default@2x.png */; };
		87E7941316390F6D000A0848 /* Default-568h@2x.png in Resources */ = {isa = PBXBuildFile; fileRef = 87E7941216390F6D000A0848 /* Default-568h@2x.png */; };
		87E794261639107F000A0848 /* KxAudioManager.m in Sources */ = {isa = PBXBuildFile; fileRef = 87E7941E1639107F000A0848 /* KxAudioManager.m */; };
		87E794271639107F000A0848 /* kxmovie.bundle in Resources */ = {isa = PBXBuildFile; fileRef = 87E7941F1639107F000A0848 /* kxmovie.bundle */; };
		87E794281639107F000A0848 /* KxMovieDecoder.m in Sources */ = {isa = PBXBuildFile; fileRef = 87E794211639107F000A0848 /* KxMovieDecoder.m */; };
		87E794291639107F000A0848 /* KxMovieGLView.m in Sources */ = {isa = PBXBuildFile; fileRef = 87E794231639107F000A0848 /* KxMovieGLView.m */; };
		87E7942A1639107F000A0848 /* KxMovieViewController.m in Sources */ = {isa = PBXBuildFile; fileRef = 87E794251639107F000A0848 /* KxMovieViewController.m */; };
		87E7942F1639108E000A0848 /* AppDelegate.m in Sources */ = {isa = PBXBuildFile; fileRef = 87E7942C1639108E000A0848 /* AppDelegate.m */; };
		87E794301639108E000A0848 /* MainViewController.m in Sources */ = {isa = PBXBuildFile; fileRef = 87E7942E1639108E000A0848 /* MainViewController.m */; };
		87FD6182163A75AF0090956E /* KxAudioManager.m in Sources */ = {isa = PBXBuildFile; fileRef = 87E7941E1639107F000A0848 /* KxAudioManager.m */; };
		87FD6183163A75B10090956E /* KxMovieDecoder.m in Sources */ = {isa = PBXBuildFile; fileRef = 87E794211639107F000A0848 /* KxMovieDecoder.m */; };
		87FD6184163A75B50090956E /* KxMovieGLView.m in Sources */ = {isa = PBXBuildFile; fileRef = 87E794231639107F000A0848 /* KxMovieGLView.m */; };
		87FD6185163A75B70090956E /* KxMovieViewController.m in Sources */ = {isa = PBXBuildFile; fileRef = 87E794251639107F000A0848 /* KxMovieViewController.m */; };
/* End PBXBuildFile section */

/* Begin PBXCopyFilesBuildPhase section */
		87FD6173163A75440090956E /* CopyFiles */ = {
			isa = PBXCopyFilesBuildPhase;
			buildActionMask = 2147483647;
			dstPath = "include/${PRODUCT_NAME}";
			dstSubfolderSpec = 16;
			files = (
			);
			runOnlyForDeploymentPostprocessing = 0;
		};
/* End PBXCopyFilesBuildPhase section */

/* Begin PBXFileReference section */
		80E0356A178AAB690002B503 /* UIKit.framework */ = {isa = PBXFileReference; lastKnownFileType = wrapper.framework; name = UIKit.framework; path = Platforms/iPhoneOS.platform/Developer/SDKs/iPhoneOS6.1.sdk/System/Library/Frameworks/UIKit.framework; sourceTree = DEVELOPER_DIR; };
		80E0356C178AAB7A0002B503 /* Foundation.framework */ = {isa = PBXFileReference; lastKnownFileType = wrapper.framework; name = Foundation.framework; path = Platforms/iPhoneOS.platform/Developer/SDKs/iPhoneOS6.1.sdk/System/Library/Frameworks/Foundation.framework; sourceTree = DEVELOPER_DIR; };
		80E0356E178AAB860002B503 /* CoreGraphics.framework */ = {isa = PBXFileReference; lastKnownFileType = wrapper.framework; name = CoreGraphics.framework; path = Platforms/iPhoneOS.platform/Developer/SDKs/iPhoneOS6.1.sdk/System/Library/Frameworks/CoreGraphics.framework; sourceTree = DEVELOPER_DIR; };
		80E03570178AAB920002B503 /* MediaPlayer.framework */ = {isa = PBXFileReference; lastKnownFileType = wrapper.framework; name = MediaPlayer.framework; path = Platforms/iPhoneOS.platform/Developer/SDKs/iPhoneOS6.1.sdk/System/Library/Frameworks/MediaPlayer.framework; sourceTree = DEVELOPER_DIR; };
		80E03572178AAB9B0002B503 /* CoreAudio.framework */ = {isa = PBXFileReference; lastKnownFileType = wrapper.framework; name = CoreAudio.framework; path = Platforms/iPhoneOS.platform/Developer/SDKs/iPhoneOS6.1.sdk/System/Library/Frameworks/CoreAudio.framework; sourceTree = DEVELOPER_DIR; };
		80E03574178AABA30002B503 /* AudioToolbox.framework */ = {isa = PBXFileReference; lastKnownFileType = wrapper.framework; name = AudioToolbox.framework; path = Platforms/iPhoneOS.platform/Developer/SDKs/iPhoneOS6.1.sdk/System/Library/Frameworks/AudioToolbox.framework; sourceTree = DEVELOPER_DIR; };
		80E03576178AABA90002B503 /* Accelerate.framework */ = {isa = PBXFileReference; lastKnownFileType = wrapper.framework; name = Accelerate.framework; path = Platforms/iPhoneOS.platform/Developer/SDKs/iPhoneOS6.1.sdk/System/Library/Frameworks/Accelerate.framework; sourceTree = DEVELOPER_DIR; };
		80E03578178AC3160002B503 /* QuartzCore.framework */ = {isa = PBXFileReference; lastKnownFileType = wrapper.framework; name = QuartzCore.framework; path = Platforms/iPhoneOS.platform/Developer/SDKs/iPhoneOS6.1.sdk/System/Library/Frameworks/QuartzCore.framework; sourceTree = DEVELOPER_DIR; };
		80E0357A178AC3240002B503 /* OpenGLES.framework */ = {isa = PBXFileReference; lastKnownFileType = wrapper.framework; name = OpenGLES.framework; path = Platforms/iPhoneOS.platform/Developer/SDKs/iPhoneOS6.1.sdk/System/Library/Frameworks/OpenGLES.framework; sourceTree = DEVELOPER_DIR; };
		80E035FA178AC3F10002B503 /* libz.dylib */ = {isa = PBXFileReference; lastKnownFileType = "compiled.mach-o.dylib"; name = libz.dylib; path = Platforms/iPhoneOS.platform/Developer/SDKs/iPhoneOS6.1.sdk/usr/lib/libz.dylib; sourceTree = DEVELOPER_DIR; };
		8704657A16F6EC9100D4083E /* libiconv.dylib */ = {isa = PBXFileReference; lastKnownFileType = "compiled.mach-o.dylib"; name = libiconv.dylib; path = Platforms/iPhoneOS.platform/Developer/SDKs/iPhoneOS6.1.sdk/usr/lib/libiconv.dylib; sourceTree = DEVELOPER_DIR; };
		87E793F816390F6D000A0848 /* KxMovieExample.app */ = {isa = PBXFileReference; explicitFileType = wrapper.application; includeInIndex = 0; path = KxMovieExample.app; sourceTree = BUILT_PRODUCTS_DIR; };
		87E7940416390F6D000A0848 /* KxMovieExample-Info.plist */ = {isa = PBXFileReference; lastKnownFileType = text.plist.xml; path = "KxMovieExample-Info.plist"; sourceTree = "<group>"; };
		87E7940616390F6D000A0848 /* en */ = {isa = PBXFileReference; lastKnownFileType = text.plist.strings; name = en; path = en.lproj/InfoPlist.strings; sourceTree = "<group>"; };
		87E7940816390F6D000A0848 /* main.m */ = {isa = PBXFileReference; lastKnownFileType = sourcecode.c.objc; path = main.m; sourceTree = "<group>"; };
		87E7940A16390F6D000A0848 /* KxMovieExample-Prefix.pch */ = {isa = PBXFileReference; lastKnownFileType = sourcecode.c.h; path = "KxMovieExample-Prefix.pch"; sourceTree = "<group>"; };
		87E7940E16390F6D000A0848 /* Default.png */ = {isa = PBXFileReference; lastKnownFileType = image.png; path = Default.png; sourceTree = "<group>"; };
		87E7941016390F6D000A0848 /* Default@2x.png */ = {isa = PBXFileReference; lastKnownFileType = image.png; path = "Default@2x.png"; sourceTree = "<group>"; };
		87E7941216390F6D000A0848 /* Default-568h@2x.png */ = {isa = PBXFileReference; lastKnownFileType = image.png; path = "Default-568h@2x.png"; sourceTree = "<group>"; };
		87E7941E1639107F000A0848 /* KxAudioManager.m */ = {isa = PBXFileReference; fileEncoding = 4; lastKnownFileType = sourcecode.c.objc; path = KxAudioManager.m; sourceTree = "<group>"; };
		87E7941F1639107F000A0848 /* kxmovie.bundle */ = {isa = PBXFileReference; lastKnownFileType = "wrapper.plug-in"; path = kxmovie.bundle; sourceTree = "<group>"; };
		87E794201639107F000A0848 /* KxMovieDecoder.h */ = {isa = PBXFileReference; fileEncoding = 4; lastKnownFileType = sourcecode.c.h; path = KxMovieDecoder.h; sourceTree = "<group>"; };
		87E794211639107F000A0848 /* KxMovieDecoder.m */ = {isa = PBXFileReference; fileEncoding = 4; lastKnownFileType = sourcecode.c.objc; path = KxMovieDecoder.m; sourceTree = "<group>"; };
		87E794221639107F000A0848 /* KxMovieGLView.h */ = {isa = PBXFileReference; fileEncoding = 4; lastKnownFileType = sourcecode.c.h; path = KxMovieGLView.h; sourceTree = "<group>"; };
		87E794231639107F000A0848 /* KxMovieGLView.m */ = {isa = PBXFileReference; fileEncoding = 4; lastKnownFileType = sourcecode.c.objc; path = KxMovieGLView.m; sourceTree = "<group>"; };
		87E794241639107F000A0848 /* KxMovieViewController.h */ = {isa = PBXFileReference; fileEncoding = 4; lastKnownFileType = sourcecode.c.h; path = KxMovieViewController.h; sourceTree = "<group>"; };
		87E794251639107F000A0848 /* KxMovieViewController.m */ = {isa = PBXFileReference; fileEncoding = 4; lastKnownFileType = sourcecode.c.objc; path = KxMovieViewController.m; sourceTree = "<group>"; };
		87E7942B1639108E000A0848 /* AppDelegate.h */ = {isa = PBXFileReference; fileEncoding = 4; lastKnownFileType = sourcecode.c.h; path = AppDelegate.h; sourceTree = "<group>"; };
		87E7942C1639108E000A0848 /* AppDelegate.m */ = {isa = PBXFileReference; fileEncoding = 4; lastKnownFileType = sourcecode.c.objc; path = AppDelegate.m; sourceTree = "<group>"; };
		87E7942D1639108E000A0848 /* MainViewController.h */ = {isa = PBXFileReference; fileEncoding = 4; lastKnownFileType = sourcecode.c.h; path = MainViewController.h; sourceTree = "<group>"; };
		87E7942E1639108E000A0848 /* MainViewController.m */ = {isa = PBXFileReference; fileEncoding = 4; lastKnownFileType = sourcecode.c.objc; path = MainViewController.m; sourceTree = "<group>"; };
		87E7946116394577000A0848 /* KxAudioManager.h */ = {isa = PBXFileReference; fileEncoding = 4; lastKnownFileType = sourcecode.c.h; path = KxAudioManager.h; sourceTree = "<group>"; };
		87FD6175163A75440090956E /* libkxmovie.a */ = {isa = PBXFileReference; explicitFileType = archive.ar; includeInIndex = 0; path = libkxmovie.a; sourceTree = BUILT_PRODUCTS_DIR; };
		87FD6179163A75440090956E /* kxmovie-Prefix.pch */ = {isa = PBXFileReference; lastKnownFileType = sourcecode.c.h; path = "kxmovie-Prefix.pch"; sourceTree = "<group>"; };
/* End PBXFileReference section */

/* Begin PBXFrameworksBuildPhase section */
		87E793F516390F6D000A0848 /* Frameworks */ = {
			isa = PBXFrameworksBuildPhase;
			buildActionMask = 2147483647;
			files = (
				80E035FB178AC3F10002B503 /* libz.dylib in Frameworks */,
				80E0357B178AC3240002B503 /* OpenGLES.framework in Frameworks */,
				80E03579178AC3160002B503 /* QuartzCore.framework in Frameworks */,
				80E03577178AABA90002B503 /* Accelerate.framework in Frameworks */,
				80E03575178AABA30002B503 /* AudioToolbox.framework in Frameworks */,
				80E03573178AAB9B0002B503 /* CoreAudio.framework in Frameworks */,
				80E03571178AAB920002B503 /* MediaPlayer.framework in Frameworks */,
				80E0356F178AAB860002B503 /* CoreGraphics.framework in Frameworks */,
				80E0356D178AAB7A0002B503 /* Foundation.framework in Frameworks */,
				80E0356B178AAB690002B503 /* UIKit.framework in Frameworks */,
				8704657C16F6ECA000D4083E /* libiconv.dylib in Frameworks */,
			);
			runOnlyForDeploymentPostprocessing = 0;
		};
		87FD6172163A75440090956E /* Frameworks */ = {
			isa = PBXFrameworksBuildPhase;
			buildActionMask = 2147483647;
			files = (
			);
			runOnlyForDeploymentPostprocessing = 0;
		};
/* End PBXFrameworksBuildPhase section */

/* Begin PBXGroup section */
		87E793EB16390F10000A0848 = {
			isa = PBXGroup;
			children = (
				87E7940216390F6D000A0848 /* KxMovieExample */,
				87FD6177163A75440090956E /* kxmovie */,
				87E793FB16390F6D000A0848 /* Frameworks */,
				87E793F916390F6D000A0848 /* Products */,
			);
			sourceTree = "<group>";
		};
		87E793F916390F6D000A0848 /* Products */ = {
			isa = PBXGroup;
			children = (
				87E793F816390F6D000A0848 /* KxMovieExample.app */,
				87FD6175163A75440090956E /* libkxmovie.a */,
			);
			name = Products;
			sourceTree = "<group>";
		};
		87E793FB16390F6D000A0848 /* Frameworks */ = {
			isa = PBXGroup;
			children = (
				80E0357A178AC3240002B503 /* OpenGLES.framework */,
				80E03578178AC3160002B503 /* QuartzCore.framework */,
				80E03576178AABA90002B503 /* Accelerate.framework */,
				80E03574178AABA30002B503 /* AudioToolbox.framework */,
				80E03572178AAB9B0002B503 /* CoreAudio.framework */,
				80E03570178AAB920002B503 /* MediaPlayer.framework */,
				80E0356E178AAB860002B503 /* CoreGraphics.framework */,
				80E0356C178AAB7A0002B503 /* Foundation.framework */,
				80E0356A178AAB690002B503 /* UIKit.framework */,
				8704657A16F6EC9100D4083E /* libiconv.dylib */,
				80E035FA178AC3F10002B503 /* libz.dylib */,
			);
			name = Frameworks;
			sourceTree = "<group>";
		};
		87E7940216390F6D000A0848 /* KxMovieExample */ = {
			isa = PBXGroup;
			children = (
				87E7942B1639108E000A0848 /* AppDelegate.h */,
				87E7942C1639108E000A0848 /* AppDelegate.m */,
				87E7942D1639108E000A0848 /* MainViewController.h */,
				87E7942E1639108E000A0848 /* MainViewController.m */,
				87E7940316390F6D000A0848 /* Supporting Files */,
			);
			path = KxMovieExample;
			sourceTree = "<group>";
		};
		87E7940316390F6D000A0848 /* Supporting Files */ = {
			isa = PBXGroup;
			children = (
				87E7940416390F6D000A0848 /* KxMovieExample-Info.plist */,
				87E7940516390F6D000A0848 /* InfoPlist.strings */,
				87E7940816390F6D000A0848 /* main.m */,
				87E7940A16390F6D000A0848 /* KxMovieExample-Prefix.pch */,
				87E7940E16390F6D000A0848 /* Default.png */,
				87E7941016390F6D000A0848 /* Default@2x.png */,
				87E7941216390F6D000A0848 /* Default-568h@2x.png */,
			);
			name = "Supporting Files";
			sourceTree = "<group>";
		};
		87FD6177163A75440090956E /* kxmovie */ = {
			isa = PBXGroup;
			children = (
				87E7941F1639107F000A0848 /* kxmovie.bundle */,
				87E7946116394577000A0848 /* KxAudioManager.h */,
				87E7941E1639107F000A0848 /* KxAudioManager.m */,
				87E794201639107F000A0848 /* KxMovieDecoder.h */,
				87E794211639107F000A0848 /* KxMovieDecoder.m */,
				87E794221639107F000A0848 /* KxMovieGLView.h */,
				87E794231639107F000A0848 /* KxMovieGLView.m */,
				87E794241639107F000A0848 /* KxMovieViewController.h */,
				87E794251639107F000A0848 /* KxMovieViewController.m */,
				87FD6178163A75440090956E /* Supporting Files */,
			);
			path = kxmovie;
			sourceTree = "<group>";
		};
		87FD6178163A75440090956E /* Supporting Files */ = {
			isa = PBXGroup;
			children = (
				87FD6179163A75440090956E /* kxmovie-Prefix.pch */,
			);
			name = "Supporting Files";
			sourceTree = "<group>";
		};
/* End PBXGroup section */

/* Begin PBXNativeTarget section */
		87E793F716390F6D000A0848 /* KxMovieExample */ = {
			isa = PBXNativeTarget;
			buildConfigurationList = 87E7941A16390F6D000A0848 /* Build configuration list for PBXNativeTarget "KxMovieExample" */;
			buildPhases = (
				87E793F416390F6D000A0848 /* Sources */,
				87E793F516390F6D000A0848 /* Frameworks */,
				87E793F616390F6D000A0848 /* Resources */,
			);
			buildRules = (
			);
			dependencies = (
			);
			name = KxMovieExample;
			productName = KxMovieExample;
			productReference = 87E793F816390F6D000A0848 /* KxMovieExample.app */;
			productType = "com.apple.product-type.application";
		};
		87FD6174163A75440090956E /* kxmovie */ = {
			isa = PBXNativeTarget;
			buildConfigurationList = 87FD6180163A75440090956E /* Build configuration list for PBXNativeTarget "kxmovie" */;
			buildPhases = (
				87FD6171163A75440090956E /* Sources */,
				87FD6172163A75440090956E /* Frameworks */,
				87FD6173163A75440090956E /* CopyFiles */,
			);
			buildRules = (
			);
			dependencies = (
			);
			name = kxmovie;
			productName = kxmovie;
			productReference = 87FD6175163A75440090956E /* libkxmovie.a */;
			productType = "com.apple.product-type.library.static";
		};
/* End PBXNativeTarget section */

/* Begin PBXProject section */
		87E793ED16390F10000A0848 /* Project object */ = {
			isa = PBXProject;
			attributes = {
				LastUpgradeCheck = 0450;
			};
			buildConfigurationList = 87E793F016390F10000A0848 /* Build configuration list for PBXProject "kxmovie" */;
			compatibilityVersion = "Xcode 3.2";
			developmentRegion = English;
			hasScannedForEncodings = 0;
			knownRegions = (
				en,
			);
			mainGroup = 87E793EB16390F10000A0848;
			productRefGroup = 87E793F916390F6D000A0848 /* Products */;
			projectDirPath = "";
			projectRoot = "";
			targets = (
				87E793F716390F6D000A0848 /* KxMovieExample */,
				87FD6174163A75440090956E /* kxmovie */,
			);
		};
/* End PBXProject section */

/* Begin PBXResourcesBuildPhase section */
		87E793F616390F6D000A0848 /* Resources */ = {
			isa = PBXResourcesBuildPhase;
			buildActionMask = 2147483647;
			files = (
				87E7940716390F6D000A0848 /* InfoPlist.strings in Resources */,
				87E7940F16390F6D000A0848 /* Default.png in Resources */,
				87E7941116390F6D000A0848 /* Default@2x.png in Resources */,
				87E7941316390F6D000A0848 /* Default-568h@2x.png in Resources */,
				87E794271639107F000A0848 /* kxmovie.bundle in Resources */,
			);
			runOnlyForDeploymentPostprocessing = 0;
		};
/* End PBXResourcesBuildPhase section */

/* Begin PBXSourcesBuildPhase section */
		87E793F416390F6D000A0848 /* Sources */ = {
			isa = PBXSourcesBuildPhase;
			buildActionMask = 2147483647;
			files = (
				87E7940916390F6D000A0848 /* main.m in Sources */,
				87E794261639107F000A0848 /* KxAudioManager.m in Sources */,
				87E794281639107F000A0848 /* KxMovieDecoder.m in Sources */,
				87E794291639107F000A0848 /* KxMovieGLView.m in Sources */,
				87E7942A1639107F000A0848 /* KxMovieViewController.m in Sources */,
				87E7942F1639108E000A0848 /* AppDelegate.m in Sources */,
				87E794301639108E000A0848 /* MainViewController.m in Sources */,
			);
			runOnlyForDeploymentPostprocessing = 0;
		};
		87FD6171163A75440090956E /* Sources */ = {
			isa = PBXSourcesBuildPhase;
			buildActionMask = 2147483647;
			files = (
				87FD6182163A75AF0090956E /* KxAudioManager.m in Sources */,
				87FD6183163A75B10090956E /* KxMovieDecoder.m in Sources */,
				87FD6184163A75B50090956E /* KxMovieGLView.m in Sources */,
				87FD6185163A75B70090956E /* KxMovieViewController.m in Sources */,
			);
			runOnlyForDeploymentPostprocessing = 0;
		};
/* End PBXSourcesBuildPhase section */

/* Begin PBXVariantGroup section */
		87E7940516390F6D000A0848 /* InfoPlist.strings */ = {
			isa = PBXVariantGroup;
			children = (
				87E7940616390F6D000A0848 /* en */,
			);
			name = InfoPlist.strings;
			sourceTree = "<group>";
		};
/* End PBXVariantGroup section */

/* Begin XCBuildConfiguration section */
		87E793F216390F10000A0848 /* Debug */ = {
			isa = XCBuildConfiguration;
			buildSettings = {
			};
			name = Debug;
		};
		87E793F316390F10000A0848 /* Release */ = {
			isa = XCBuildConfiguration;
			buildSettings = {
			};
			name = Release;
		};
		87E7941B16390F6D000A0848 /* Debug */ = {
			isa = XCBuildConfiguration;
			buildSettings = {
				ALWAYS_SEARCH_USER_PATHS = NO;
				CLANG_CXX_LANGUAGE_STANDARD = "gnu++0x";
				CLANG_CXX_LIBRARY = "libc++";
				CLANG_ENABLE_OBJC_ARC = YES;
				CLANG_WARN_EMPTY_BODY = YES;
				CLANG_WARN__DUPLICATE_METHOD_MATCH = YES;
				"CODE_SIGN_IDENTITY[sdk=iphoneos*]" = "iPhone Developer";
				COPY_PHASE_STRIP = NO;
				FRAMEWORK_SEARCH_PATHS = (
					"$(inherited)",
					"\"$(SYSTEM_APPS_DIR)/Xcode.app/Contents/Developer/Library/Frameworks\"",
				);
				GCC_C_LANGUAGE_STANDARD = gnu99;
				GCC_DYNAMIC_NO_PIC = NO;
				GCC_OPTIMIZATION_LEVEL = 0;
				GCC_PRECOMPILE_PREFIX_HEADER = YES;
				GCC_PREFIX_HEADER = "KxMovieExample/KxMovieExample-Prefix.pch";
				GCC_PREPROCESSOR_DEFINITIONS = (
					"DEBUG=1",
					"$(inherited)",
				);
				GCC_SYMBOLS_PRIVATE_EXTERN = NO;
				GCC_WARN_ABOUT_RETURN_TYPE = YES;
				GCC_WARN_UNINITIALIZED_AUTOS = YES;
				GCC_WARN_UNUSED_VARIABLE = YES;
				INFOPLIST_FILE = "KxMovieExample/KxMovieExample-Info.plist";
				IPHONEOS_DEPLOYMENT_TARGET = 5.1;
				LIBRARY_SEARCH_PATHS = (
					"$(inherited)",
					"\"$(SRCROOT)/libs\"",
					"\"$(SRCROOT)/kxmovie/ffmpeg_universal/lib\"",
				);
				ONLY_ACTIVE_ARCH = YES;
				OTHER_LDFLAGS = "-ObjC";
				PRODUCT_NAME = "$(TARGET_NAME)";
				SDKROOT = iphoneos;
				TARGETED_DEVICE_FAMILY = "1,2";
				USER_HEADER_SEARCH_PATHS = "";
				WRAPPER_EXTENSION = app;
			};
			name = Debug;
		};
		87E7941C16390F6D000A0848 /* Release */ = {
			isa = XCBuildConfiguration;
			buildSettings = {
				ALWAYS_SEARCH_USER_PATHS = NO;
				CLANG_CXX_LANGUAGE_STANDARD = "gnu++0x";
				CLANG_CXX_LIBRARY = "libc++";
				CLANG_ENABLE_OBJC_ARC = YES;
				CLANG_WARN_EMPTY_BODY = YES;
				CLANG_WARN__DUPLICATE_METHOD_MATCH = YES;
				"CODE_SIGN_IDENTITY[sdk=iphoneos*]" = "iPhone Developer";
				COPY_PHASE_STRIP = YES;
				FRAMEWORK_SEARCH_PATHS = (
					"$(inherited)",
					"\"$(SYSTEM_APPS_DIR)/Xcode.app/Contents/Developer/Library/Frameworks\"",
				);
				GCC_C_LANGUAGE_STANDARD = gnu99;
				GCC_PRECOMPILE_PREFIX_HEADER = YES;
				GCC_PREFIX_HEADER = "KxMovieExample/KxMovieExample-Prefix.pch";
				GCC_WARN_ABOUT_RETURN_TYPE = YES;
				GCC_WARN_UNINITIALIZED_AUTOS = YES;
				GCC_WARN_UNUSED_VARIABLE = YES;
				INFOPLIST_FILE = "KxMovieExample/KxMovieExample-Info.plist";
				IPHONEOS_DEPLOYMENT_TARGET = 5.1;
				LIBRARY_SEARCH_PATHS = (
					"$(inherited)",
					"\"$(SRCROOT)/libs\"",
					"\"$(SRCROOT)/kxmovie/ffmpeg_universal/lib\"",
				);
				OTHER_CFLAGS = "-DNS_BLOCK_ASSERTIONS=1";
				OTHER_LDFLAGS = "-ObjC";
				PRODUCT_NAME = "$(TARGET_NAME)";
				SDKROOT = iphoneos;
				TARGETED_DEVICE_FAMILY = "1,2";
				USER_HEADER_SEARCH_PATHS = "";
				VALIDATE_PRODUCT = YES;
				WRAPPER_EXTENSION = app;
			};
			name = Release;
		};
		87FD617E163A75440090956E /* Debug */ = {
			isa = XCBuildConfiguration;
			buildSettings = {
				ALWAYS_SEARCH_USER_PATHS = NO;
				CLANG_CXX_LANGUAGE_STANDARD = "gnu++0x";
				CLANG_CXX_LIBRARY = "libc++";
				CLANG_ENABLE_OBJC_ARC = YES;
				CLANG_WARN_EMPTY_BODY = YES;
				CLANG_WARN__DUPLICATE_METHOD_MATCH = YES;
				COPY_PHASE_STRIP = NO;
				DSTROOT = /tmp/kxmovie.dst;
				FRAMEWORK_SEARCH_PATHS = (
					"$(inherited)",
					"\"$(SYSTEM_APPS_DIR)/Xcode.app/Contents/Developer/Library/Frameworks\"",
				);
				GCC_C_LANGUAGE_STANDARD = gnu99;
				GCC_DYNAMIC_NO_PIC = NO;
				GCC_OPTIMIZATION_LEVEL = 0;
				GCC_PRECOMPILE_PREFIX_HEADER = YES;
				GCC_PREFIX_HEADER = "kxmovie/kxmovie-Prefix.pch";
				GCC_PREPROCESSOR_DEFINITIONS = (
					"DEBUG=1",
					"$(inherited)",
				);
				GCC_SYMBOLS_PRIVATE_EXTERN = NO;
				GCC_WARN_ABOUT_RETURN_TYPE = YES;
				GCC_WARN_UNINITIALIZED_AUTOS = YES;
				GCC_WARN_UNUSED_VARIABLE = YES;
				IPHONEOS_DEPLOYMENT_TARGET = 5.1;
				LIBRARY_SEARCH_PATHS = (
					"$(inherited)",
					"\"$(SRCROOT)/libs\"",
					"\"$(SRCROOT)/kxmovie/ffmpeg_universal/lib\"",
				);
				ONLY_ACTIVE_ARCH = YES;
				OTHER_LDFLAGS = "-ObjC";
				PRODUCT_NAME = "$(TARGET_NAME)";
				SDKROOT = iphoneos;
				SKIP_INSTALL = YES;
				USER_HEADER_SEARCH_PATHS = ffmpeg;
			};
			name = Debug;
		};
		87FD617F163A75440090956E /* Release */ = {
			isa = XCBuildConfiguration;
			buildSettings = {
				ALWAYS_SEARCH_USER_PATHS = NO;
				CLANG_CXX_LANGUAGE_STANDARD = "gnu++0x";
				CLANG_CXX_LIBRARY = "libc++";
				CLANG_ENABLE_OBJC_ARC = YES;
				CLANG_WARN_EMPTY_BODY = YES;
				CLANG_WARN__DUPLICATE_METHOD_MATCH = YES;
				COPY_PHASE_STRIP = YES;
				DSTROOT = /tmp/kxmovie.dst;
				FRAMEWORK_SEARCH_PATHS = (
					"$(inherited)",
					"\"$(SYSTEM_APPS_DIR)/Xcode.app/Contents/Developer/Library/Frameworks\"",
				);
				GCC_C_LANGUAGE_STANDARD = gnu99;
				GCC_PRECOMPILE_PREFIX_HEADER = YES;
				GCC_PREFIX_HEADER = "kxmovie/kxmovie-Prefix.pch";
				GCC_WARN_ABOUT_RETURN_TYPE = YES;
				GCC_WARN_UNINITIALIZED_AUTOS = YES;
				GCC_WARN_UNUSED_VARIABLE = YES;
				IPHONEOS_DEPLOYMENT_TARGET = 5.1;
				LIBRARY_SEARCH_PATHS = (
					"$(inherited)",
					"\"$(SRCROOT)/libs\"",
					"\"$(SRCROOT)/kxmovie/ffmpeg_universal/lib\"",
				);
				OTHER_LDFLAGS = "-ObjC";
				PRODUCT_NAME = "$(TARGET_NAME)";
				SDKROOT = iphoneos;
				SKIP_INSTALL = YES;
				USER_HEADER_SEARCH_PATHS = ffmpeg;
				VALIDATE_PRODUCT = YES;
			};
			name = Release;
		};
/* End XCBuildConfiguration section */

/* Begin XCConfigurationList section */
		87E793F016390F10000A0848 /* Build configuration list for PBXProject "kxmovie" */ = {
			isa = XCConfigurationList;
			buildConfigurations = (
				87E793F216390F10000A0848 /* Debug */,
				87E793F316390F10000A0848 /* Release */,
			);
			defaultConfigurationIsVisible = 0;
			defaultConfigurationName = Release;
		};
		87E7941A16390F6D000A0848 /* Build configuration list for PBXNativeTarget "KxMovieExample" */ = {
			isa = XCConfigurationList;
			buildConfigurations = (
				87E7941B16390F6D000A0848 /* Debug */,
				87E7941C16390F6D000A0848 /* Release */,
			);
			defaultConfigurationIsVisible = 0;
			defaultConfigurationName = Release;
		};
		87FD6180163A75440090956E /* Build configuration list for PBXNativeTarget "kxmovie" */ = {
			isa = XCConfigurationList;
			buildConfigurations = (
				87FD617E163A75440090956E /* Debug */,
				87FD617F163A75440090956E /* Release */,
			);
			defaultConfigurationIsVisible = 0;
			defaultConfigurationName = Release;
		};
/* End XCConfigurationList section */
	};
	rootObject = 87E793ED16390F10000A0848 /* Project object */;
}
